{
  "version": 4,
  "terraform_version": "1.6.6",
  "serial": 24,
  "lineage": "47e4b305-0bb5-7dd7-322d-720af6a3e94b",
  "outputs": {
    "gdpr_bucket": {
      "value": "gdpr-20240912003347683300000001",
      "type": "string"
    }
  },
  "resources": [
    {
      "mode": "managed",
      "type": "aws_iam_group",
      "name": "s3_bucket_access",
      "provider": "provider[\"registry.terraform.io/hashicorp/aws\"]",
      "instances": [
        {
          "schema_version": 0,
          "attributes": {
            "arn": "arn:aws:iam::149536472224:group/s3-bucket-access",
            "id": "s3-bucket-access",
            "name": "s3-bucket-access",
            "path": "/",
            "unique_id": "AGPASFUIRPSQNFVWVG2XG"
          },
          "sensitive_attributes": [],
          "private": "bnVsbA=="
        }
      ]
    },
    {
      "mode": "managed",
      "type": "aws_iam_group_policy_attachment",
      "name": "s3_policy_attach",
      "provider": "provider[\"registry.terraform.io/hashicorp/aws\"]",
      "instances": [
        {
          "schema_version": 0,
          "attributes": {
            "group": "s3-bucket-access",
            "id": "s3-bucket-access-20240912003349425600000002",
            "policy_arn": "arn:aws:iam::149536472224:policy/BucketAccessPolicy"
          },
          "sensitive_attributes": [],
          "private": "bnVsbA==",
          "dependencies": [
            "aws_iam_group.s3_bucket_access",
            "aws_iam_policy.policy",
            "aws_s3_bucket.gdpr-input-bucket"
          ]
        }
      ]
    },
    {
      "mode": "managed",
      "type": "aws_iam_policy",
      "name": "policy",
      "provider": "provider[\"registry.terraform.io/hashicorp/aws\"]",
      "instances": [
        {
          "schema_version": 0,
          "attributes": {
            "arn": "arn:aws:iam::149536472224:policy/BucketAccessPolicy",
            "attachment_count": 0,
            "description": "",
            "id": "arn:aws:iam::149536472224:policy/BucketAccessPolicy",
            "name": "BucketAccessPolicy",
            "name_prefix": "",
            "path": "/",
            "policy": "{\"Statement\":[{\"Action\":[\"s3:*\"],\"Effect\":\"Allow\",\"Resource\":[\"arn:aws:s3:::gdpr-20240912003347683300000001\",\"arn:aws:s3:::gdpr-20240912003347683300000001/*\"]}],\"Version\":\"2012-10-17\"}",
            "policy_id": "ANPASFUIRPSQHCW6ZPREE",
            "tags": null,
            "tags_all": {}
          },
          "sensitive_attributes": [],
          "private": "bnVsbA==",
          "dependencies": [
            "aws_s3_bucket.gdpr-input-bucket"
          ]
        }
      ]
    },
    {
      "mode": "managed",
      "type": "aws_s3_bucket",
      "name": "gdpr-input-bucket",
      "provider": "provider[\"registry.terraform.io/hashicorp/aws\"]",
      "instances": [
        {
          "schema_version": 0,
          "attributes": {
            "acceleration_status": "",
            "acl": null,
            "arn": "arn:aws:s3:::gdpr-20240912003347683300000001",
            "bucket": "gdpr-20240912003347683300000001",
            "bucket_domain_name": "gdpr-20240912003347683300000001.s3.amazonaws.com",
            "bucket_prefix": "gdpr-",
            "bucket_regional_domain_name": "gdpr-20240912003347683300000001.s3.eu-west-2.amazonaws.com",
            "cors_rule": [],
            "force_destroy": true,
            "grant": [
              {
                "id": "046efcea74ad38ac826f4773cbea2fe660a699b2121abd5fbbb427a51e27b058",
                "permissions": [
                  "FULL_CONTROL"
                ],
                "type": "CanonicalUser",
                "uri": ""
              }
            ],
            "hosted_zone_id": "Z3GKZC51ZF0DB4",
            "id": "gdpr-20240912003347683300000001",
            "lifecycle_rule": [],
            "logging": [],
            "object_lock_configuration": [],
            "object_lock_enabled": false,
            "policy": "",
            "region": "eu-west-2",
            "replication_configuration": [],
            "request_payer": "BucketOwner",
            "server_side_encryption_configuration": [
              {
                "rule": [
                  {
                    "apply_server_side_encryption_by_default": [
                      {
                        "kms_master_key_id": "",
                        "sse_algorithm": "AES256"
                      }
                    ],
                    "bucket_key_enabled": false
                  }
                ]
              }
            ],
            "tags": null,
            "tags_all": {},
            "timeouts": null,
            "versioning": [
              {
                "enabled": false,
                "mfa_delete": false
              }
            ],
            "website": [],
            "website_domain": null,
            "website_endpoint": null
          },
          "sensitive_attributes": [],
          "private": "eyJlMmJmYjczMC1lY2FhLTExZTYtOGY4OC0zNDM2M2JjN2M0YzAiOnsiY3JlYXRlIjoxMjAwMDAwMDAwMDAwLCJkZWxldGUiOjM2MDAwMDAwMDAwMDAsInJlYWQiOjEyMDAwMDAwMDAwMDAsInVwZGF0ZSI6MTIwMDAwMDAwMDAwMH19"
        }
      ]
    }
  ],
  "check_results": null
}
